<?xml version="1.0" encoding="utf-8"?>
<Project ToolsVersion="4.0" xmlns="http://schemas.microsoft.com/developer/msbuild/2003">
  <ItemGroup>
    <Filter Include="src">
      <UniqueIdentifier>{ab9886e2-bf9f-43f0-a9c6-8ecf8ba38bc0}</UniqueIdentifier>
    </Filter>
    <Filter Include="local_interfaces">
      <UniqueIdentifier>{d72f5118-e979-4751-a891-6dccdd4bb0c9}</UniqueIdentifier>
    </Filter>
  </ItemGroup>
  <ItemGroup>
    <ClCompile Include="src\maps_Grille.cpp">
      <Filter>src</Filter>
    </ClCompile>
    <ClCompile Include="src\maps_definitions_grille.cpp">
      <Filter>src</Filter>
    </ClCompile>
    <ClCompile Include="src\maps_add.cpp">
      <Filter>src</Filter>
    </ClCompile>
    <ClCompile Include="src\maps_Grille_multiple.cpp">
      <Filter>src</Filter>
    </ClCompile>
    <ClCompile Include="src\maps_ARTEMIPS.cpp">
      <Filter>src</Filter>
    </ClCompile>
    <ClCompile Include="src\maps_TROIS_2_TROIS.cpp">
      <Filter>src</Filter>
    </ClCompile>
  </ItemGroup>
  <ItemGroup>
    <ClInclude Include="local_interfaces\maps_Grille.h">
      <Filter>local_interfaces</Filter>
    </ClInclude>
    <ClInclude Include="local_interfaces\maps_definitions_grille.h">
      <Filter>local_interfaces</Filter>
    </ClInclude>
    <ClInclude Include="local_interfaces\maps_add.h">
      <Filter>local_interfaces</Filter>
    </ClInclude>
    <ClInclude Include="local_interfaces\maps_Grille_multiple.h">
      <Filter>local_interfaces</Filter>
    </ClInclude>
    <ClInclude Include="local_interfaces\maps_ARTEMIPS.h">
      <Filter>local_interfaces</Filter>
    </ClInclude>
    <ClInclude Include="local_interfaces\maps_TROIS_2_TROIS.h">
      <Filter>local_interfaces</Filter>
    </ClInclude>
  </ItemGroup>
  <ItemGroup>
    <None Include="Projet.pckinfo" />
  </ItemGroup>
</Project>